{
    "compile": {
        "cglib:cglib-nodep": {
            "locked": "3.2.7",
            "requested": "3.2.7"
        },
        "com.aries:docker-java-shaded": {
            "locked": "3.0.14",
            "requested": "3.0.14"
        },
        "com.bmuschko:gradle-docker-plugin": {
            "locked": "3.6.0",
            "requested": "3.+"
        }
    },
    "compileClasspath": {
        "cglib:cglib-nodep": {
            "locked": "3.2.7",
            "requested": "3.2.7"
        },
        "com.aries:docker-java-shaded": {
            "locked": "3.0.14",
            "requested": "3.0.14"
        },
        "com.bmuschko:gradle-docker-plugin": {
            "locked": "3.6.0",
            "requested": "3.+"
        }
    },
    "default": {
        "cglib:cglib-nodep": {
            "locked": "3.2.7",
            "requested": "3.2.7"
        },
        "com.aries:docker-java-shaded": {
            "locked": "3.0.14",
            "requested": "3.0.14"
        },
        "com.bmuschko:gradle-docker-plugin": {
            "locked": "3.6.0",
            "requested": "3.+"
        }
    },
    "functionalTestCompile": {
        "cglib:cglib-nodep": {
            "locked": "3.2.7",
            "requested": "3.2.7"
        },
        "com.aries:docker-java-shaded": {
            "locked": "3.0.14",
            "requested": "3.0.14"
        },
        "com.bmuschko:gradle-docker-plugin": {
            "locked": "3.6.0",
            "requested": "3.+"
        },
        "com.netflix.nebula:nebula-test": {
            "locked": "6.7.1",
            "requested": "6.+"
        }
    },
    "functionalTestCompileClasspath": {
        "cglib:cglib-nodep": {
            "locked": "3.2.7",
            "requested": "3.2.7"
        },
        "com.aries:docker-java-shaded": {
            "locked": "3.0.14",
            "requested": "3.0.14"
        },
        "com.bmuschko:gradle-docker-plugin": {
            "locked": "3.6.0",
            "requested": "3.+"
        },
        "com.netflix.nebula:nebula-test": {
            "locked": "6.7.1",
            "requested": "6.+"
        }
    },
    "functionalTestRuntime": {
        "cglib:cglib-nodep": {
            "locked": "3.2.7",
            "requested": "3.2.7"
        },
        "com.aries:docker-java-shaded": {
            "locked": "3.0.14",
            "requested": "3.0.14"
        },
        "com.bmuschko:gradle-docker-plugin": {
            "locked": "3.6.0",
            "requested": "3.+"
        },
        "com.netflix.nebula:nebula-test": {
            "locked": "6.7.1",
            "requested": "6.+"
        }
    },
    "functionalTestRuntimeClasspath": {
        "cglib:cglib-nodep": {
            "locked": "3.2.7",
            "requested": "3.2.7"
        },
        "com.aries:docker-java-shaded": {
            "locked": "3.0.14",
            "requested": "3.0.14"
        },
        "com.bmuschko:gradle-docker-plugin": {
            "locked": "3.6.0",
            "requested": "3.+"
        },
        "com.netflix.nebula:nebula-test": {
            "locked": "6.7.1",
            "requested": "6.+"
        }
    },
    "integTestCompile": {
        "cglib:cglib-nodep": {
            "locked": "3.2.7",
            "requested": "3.2.7"
        },
        "com.aries:docker-java-shaded": {
            "locked": "3.0.14",
            "requested": "3.0.14"
        },
        "com.bmuschko:gradle-docker-plugin": {
            "locked": "3.6.0",
            "requested": "3.+"
        },
        "com.netflix.nebula:nebula-test": {
            "locked": "6.7.1",
            "requested": "6.+"
        }
    },
    "integTestCompileClasspath": {
        "cglib:cglib-nodep": {
            "locked": "3.2.7",
            "requested": "3.2.7"
        },
        "com.aries:docker-java-shaded": {
            "locked": "3.0.14",
            "requested": "3.0.14"
        },
        "com.bmuschko:gradle-docker-plugin": {
            "locked": "3.6.0",
            "requested": "3.+"
        },
        "com.netflix.nebula:nebula-test": {
            "locked": "6.7.1",
            "requested": "6.+"
        }
    },
    "integTestRuntime": {
        "cglib:cglib-nodep": {
            "locked": "3.2.7",
            "requested": "3.2.7"
        },
        "com.aries:docker-java-shaded": {
            "locked": "3.0.14",
            "requested": "3.0.14"
        },
        "com.bmuschko:gradle-docker-plugin": {
            "locked": "3.6.0",
            "requested": "3.+"
        },
        "com.netflix.nebula:nebula-test": {
            "locked": "6.7.1",
            "requested": "6.+"
        }
    },
    "integTestRuntimeClasspath": {
        "cglib:cglib-nodep": {
            "locked": "3.2.7",
            "requested": "3.2.7"
        },
        "com.aries:docker-java-shaded": {
            "locked": "3.0.14",
            "requested": "3.0.14"
        },
        "com.bmuschko:gradle-docker-plugin": {
            "locked": "3.6.0",
            "requested": "3.+"
        },
        "com.netflix.nebula:nebula-test": {
            "locked": "6.7.1",
            "requested": "6.+"
        }
    },
    "jacocoAgent": {
        "org.jacoco:org.jacoco.agent": {
            "locked": "0.8.1"
        }
    },
    "jacocoAnt": {
        "org.jacoco:org.jacoco.ant": {
            "locked": "0.8.1"
        }
    },
    "runtime": {
        "cglib:cglib-nodep": {
            "locked": "3.2.7",
            "requested": "3.2.7"
        },
        "com.aries:docker-java-shaded": {
            "locked": "3.0.14",
            "requested": "3.0.14"
        },
        "com.bmuschko:gradle-docker-plugin": {
            "locked": "3.6.0",
            "requested": "3.+"
        }
    },
    "runtimeClasspath": {
        "cglib:cglib-nodep": {
            "locked": "3.2.7",
            "requested": "3.2.7"
        },
        "com.aries:docker-java-shaded": {
            "locked": "3.0.14",
            "requested": "3.0.14"
        },
        "com.bmuschko:gradle-docker-plugin": {
            "locked": "3.6.0",
            "requested": "3.+"
        }
    },
    "testCompile": {
        "cglib:cglib-nodep": {
            "locked": "3.2.7",
            "requested": "3.2.7"
        },
        "com.aries:docker-java-shaded": {
            "locked": "3.0.14",
            "requested": "3.0.14"
        },
        "com.bmuschko:gradle-docker-plugin": {
            "locked": "3.6.0",
            "requested": "3.+"
        },
        "com.netflix.nebula:nebula-test": {
            "locked": "6.7.1",
            "requested": "6.+"
        }
    },
    "testCompileClasspath": {
        "cglib:cglib-nodep": {
            "locked": "3.2.7",
            "requested": "3.2.7"
        },
        "com.aries:docker-java-shaded": {
            "locked": "3.0.14",
            "requested": "3.0.14"
        },
        "com.bmuschko:gradle-docker-plugin": {
            "locked": "3.6.0",
            "requested": "3.+"
        },
        "com.netflix.nebula:nebula-test": {
            "locked": "6.7.1",
            "requested": "6.+"
        }
    },
    "testRuntime": {
        "cglib:cglib-nodep": {
            "locked": "3.2.7",
            "requested": "3.2.7"
        },
        "com.aries:docker-java-shaded": {
            "locked": "3.0.14",
            "requested": "3.0.14"
        },
        "com.bmuschko:gradle-docker-plugin": {
            "locked": "3.6.0",
            "requested": "3.+"
        },
        "com.netflix.nebula:nebula-test": {
            "locked": "6.7.1",
            "requested": "6.+"
        }
    },
    "testRuntimeClasspath": {
        "cglib:cglib-nodep": {
            "locked": "3.2.7",
            "requested": "3.2.7"
        },
        "com.aries:docker-java-shaded": {
            "locked": "3.0.14",
            "requested": "3.0.14"
        },
        "com.bmuschko:gradle-docker-plugin": {
            "locked": "3.6.0",
            "requested": "3.+"
        },
        "com.netflix.nebula:nebula-test": {
            "locked": "6.7.1",
            "requested": "6.+"
        }
    }
}